
Microsoft Visual Studio Solution File, Format Version 12.00
# Visual Studio Version 16
VisualStudioVersion = 16.0.29806.167
MinimumVisualStudioVersion = 10.0.40219.1
Project("{FAE04EC0-301F-11D3-BF4B-00C04F79EFBC}") = "CarService.DataAccess", "CarService.DataAccess\CarService.DataAccess.csproj", "{70B305D8-1D6C-4A66-9832-28D180EA3B4A}"
EndProject
Project("{FAE04EC0-301F-11D3-BF4B-00C04F79EFBC}") = "CarService.DesktopClient", "CarService.DesktopClient\CarService.DesktopClient.csproj", "{84A2DA56-EE26-4295-A3DD-5B56DCFFF089}"
EndProject
Project("{FAE04EC0-301F-11D3-BF4B-00C04F79EFBC}") = "CarService.WebService", "CarService.WebService\CarService.WebService.csproj", "{FF83DC84-D8AF-4E3F-96CE-231632ADA3B8}"
EndProject
Global
	GlobalSection(SolutionConfigurationPlatforms) = preSolution
		Debug|Any CPU = Debug|Any CPU
		Release|Any CPU = Release|Any CPU
	EndGlobalSection
	GlobalSection(ProjectConfigurationPlatforms) = postSolution
		{70B305D8-1D6C-4A66-9832-28D180EA3B4A}.Debug|Any CPU.ActiveCfg = Debug|Any CPU
		{70B305D8-1D6C-4A66-9832-28D180EA3B4A}.Debug|Any CPU.Build.0 = Debug|Any CPU
		{70B305D8-1D6C-4A66-9832-28D180EA3B4A}.Release|Any CPU.ActiveCfg = Release|Any CPU
		{70B305D8-1D6C-4A66-9832-28D180EA3B4A}.Release|Any CPU.Build.0 = Release|Any CPU
		{84A2DA56-EE26-4295-A3DD-5B56DCFFF089}.Debug|Any CPU.ActiveCfg = Debug|Any CPU
		{84A2DA56-EE26-4295-A3DD-5B56DCFFF089}.Debug|Any CPU.Build.0 = Debug|Any CPU
		{84A2DA56-EE26-4295-A3DD-5B56DCFFF089}.Release|Any CPU.ActiveCfg = Release|Any CPU
		{84A2DA56-EE26-4295-A3DD-5B56DCFFF089}.Release|Any CPU.Build.0 = Release|Any CPU
		{FF83DC84-D8AF-4E3F-96CE-231632ADA3B8}.Debug|Any CPU.ActiveCfg = Debug|Any CPU
		{FF83DC84-D8AF-4E3F-96CE-231632ADA3B8}.Debug|Any CPU.Build.0 = Debug|Any CPU
		{FF83DC84-D8AF-4E3F-96CE-231632ADA3B8}.Release|Any CPU.ActiveCfg = Release|Any CPU
		{FF83DC84-D8AF-4E3F-96CE-231632ADA3B8}.Release|Any CPU.Build.0 = Release|Any CPU
	EndGlobalSection
	GlobalSection(SolutionProperties) = preSolution
		HideSolutionNode = FALSE
	EndGlobalSection
	GlobalSection(ExtensibilityGlobals) = postSolution
		SolutionGuid = {F99E937A-7DCD-4B17-B4AD-170DE8E13382}
	EndGlobalSection
EndGlobal
